
Microsoft Visual Studio Solution File, Format Version 12.00
# Visual Studio Version 16
VisualStudioVersion = 16.0.32002.261
MinimumVisualStudioVersion = 10.0.40219.1
Project("{FAE04EC0-301F-11D3-BF4B-00C04F79EFBC}") = "eTickets", "eTickets.csproj", "{CEBEA650-DFC4-41AE-A33A-C1B39F511910}"
EndProject
Global
	GlobalSection(SolutionConfigurationPlatforms) = preSolution
		Debug|Any CPU = Debug|Any CPU
		Release|Any CPU = Release|Any CPU
	EndGlobalSection
	GlobalSection(ProjectConfigurationPlatforms) = postSolution
		{CEBEA650-DFC4-41AE-A33A-C1B39F511910}.Debug|Any CPU.ActiveCfg = Debug|Any CPU
		{CEBEA650-DFC4-41AE-A33A-C1B39F511910}.Debug|Any CPU.Build.0 = Debug|Any CPU
		{CEBEA650-DFC4-41AE-A33A-C1B39F511910}.Release|Any CPU.ActiveCfg = Release|Any CPU
		{CEBEA650-DFC4-41AE-A33A-C1B39F511910}.Release|Any CPU.Build.0 = Release|Any CPU
	EndGlobalSection
	GlobalSection(SolutionProperties) = preSolution
		HideSolutionNode = FALSE
	EndGlobalSection
	GlobalSection(ExtensibilityGlobals) = postSolution
		SolutionGuid = {88816A48-0635-403C-A723-84452E29CB0E}
	EndGlobalSection
EndGlobal
